
Microsoft Visual Studio Solution File, Format Version 12.00
# Visual Studio Version 17
VisualStudioVersion = 17.6.33815.320
MinimumVisualStudioVersion = 10.0.40219.1
Project("{FAE04EC0-301F-11D3-BF4B-00C04F79EFBC}") = "MovieApplication", "MovieApplication.csproj", "{22191346-F179-48E3-904F-D66EBC547DEF}"
EndProject
Global
	GlobalSection(SolutionConfigurationPlatforms) = preSolution
		Debug|Any CPU = Debug|Any CPU
		Release|Any CPU = Release|Any CPU
	EndGlobalSection
	GlobalSection(ProjectConfigurationPlatforms) = postSolution
		{22191346-F179-48E3-904F-D66EBC547DEF}.Debug|Any CPU.ActiveCfg = Debug|Any CPU
		{22191346-F179-48E3-904F-D66EBC547DEF}.Debug|Any CPU.Build.0 = Debug|Any CPU
		{22191346-F179-48E3-904F-D66EBC547DEF}.Release|Any CPU.ActiveCfg = Release|Any CPU
		{22191346-F179-48E3-904F-D66EBC547DEF}.Release|Any CPU.Build.0 = Release|Any CPU
	EndGlobalSection
	GlobalSection(SolutionProperties) = preSolution
		HideSolutionNode = FALSE
	EndGlobalSection
	GlobalSection(ExtensibilityGlobals) = postSolution
		SolutionGuid = {E3A70E2B-A3FA-4ED5-892E-9FD447A6D26B}
	EndGlobalSection
EndGlobal
